// !$*UTF8*$!
{
	archiveVersion = 1;
	classes = {
	};
	objectVersion = 46;
	objects = {

/* Begin PBXBuildFile section */
		6C5F0CD21F4C4A27006649E5 /* PreferencesWindow.swift in Sources */ = {isa = PBXBuildFile; fileRef = 6C5F0CD01F4C4A27006649E5 /* PreferencesWindow.swift */; };
		6C5F0CD31F4C4A27006649E5 /* PreferencesWindow.xib in Resources */ = {isa = PBXBuildFile; fileRef = 6C5F0CD11F4C4A27006649E5 /* PreferencesWindow.xib */; };
		6C5F0CD51F4C5A41006649E5 /* PomodoroUtils.swift in Sources */ = {isa = PBXBuildFile; fileRef = 6C5F0CD41F4C5A41006649E5 /* PomodoroUtils.swift */; };
		6C905CF21F4AFA6C0027D917 /* AppDelegate.swift in Sources */ = {isa = PBXBuildFile; fileRef = 6C905CF11F4AFA6C0027D917 /* AppDelegate.swift */; };
		6C905CF61F4AFA6C0027D917 /* Assets.xcassets in Resources */ = {isa = PBXBuildFile; fileRef = 6C905CF51F4AFA6C0027D917 /* Assets.xcassets */; };
		6C905CF91F4AFA6C0027D917 /* Main.storyboard in Resources */ = {isa = PBXBuildFile; fileRef = 6C905CF71F4AFA6C0027D917 /* Main.storyboard */; };
		6C905D041F4AFA6C0027D917 /* PomodoroTests.swift in Sources */ = {isa = PBXBuildFile; fileRef = 6C905D031F4AFA6C0027D917 /* PomodoroTests.swift */; };
		6C905D0F1F4AFA6C0027D917 /* PomodoroUITests.swift in Sources */ = {isa = PBXBuildFile; fileRef = 6C905D0E1F4AFA6C0027D917 /* PomodoroUITests.swift */; };
		6C905D2C1F4B0F6A0027D917 /* StatusMenuController.swift in Sources */ = {isa = PBXBuildFile; fileRef = 6C905D2B1F4B0F6A0027D917 /* StatusMenuController.swift */; };
		6C905D2F1F4B14450027D917 /* PomodoroTimer.swift in Sources */ = {isa = PBXBuildFile; fileRef = 6C905D2E1F4B14450027D917 /* PomodoroTimer.swift */; };
		6CA6DA061F4D7D1F00732583 /* IntegerField.swift in Sources */ = {isa = PBXBuildFile; fileRef = 6CA6DA051F4D7D1F00732583 /* IntegerField.swift */; };
		6CDF20CF1F4B4CE500A7C1F1 /* Utils.swift in Sources */ = {isa = PBXBuildFile; fileRef = 6CDF20CE1F4B4CE500A7C1F1 /* Utils.swift */; };
		6CDF20D11F4B678600A7C1F1 /* PomodoroTimerView.swift in Sources */ = {isa = PBXBuildFile; fileRef = 6CDF20D01F4B678600A7C1F1 /* PomodoroTimerView.swift */; };
		C07AD04D23650D5300EDE435 /* StartCountPopup.xib in Resources */ = {isa = PBXBuildFile; fileRef = C07AD04C23650D5300EDE435 /* StartCountPopup.xib */; };
		C07AD04F23650F1B00EDE435 /* StartCountPopup.swift in Sources */ = {isa = PBXBuildFile; fileRef = C07AD04E23650F1B00EDE435 /* StartCountPopup.swift */; };
/* End PBXBuildFile section */

/* Begin PBXContainerItemProxy section */
		6C905D001F4AFA6C0027D917 /* PBXContainerItemProxy */ = {
			isa = PBXContainerItemProxy;
			containerPortal = 6C905CE61F4AFA6C0027D917 /* Project object */;
			proxyType = 1;
			remoteGlobalIDString = 6C905CED1F4AFA6C0027D917;
			remoteInfo = Pomodoro;
		};
		6C905D0B1F4AFA6C0027D917 /* PBXContainerItemProxy */ = {
			isa = PBXContainerItemProxy;
			containerPortal = 6C905CE61F4AFA6C0027D917 /* Project object */;
			proxyType = 1;
			remoteGlobalIDString = 6C905CED1F4AFA6C0027D917;
			remoteInfo = Pomodoro;
		};
/* End PBXContainerItemProxy section */

/* Begin PBXFileReference section */
		6C5F0CD01F4C4A27006649E5 /* PreferencesWindow.swift */ = {isa = PBXFileReference; fileEncoding = 4; lastKnownFileType = sourcecode.swift; path = PreferencesWindow.swift; sourceTree = "<group>"; };
		6C5F0CD11F4C4A27006649E5 /* PreferencesWindow.xib */ = {isa = PBXFileReference; fileEncoding = 4; lastKnownFileType = file.xib; path = PreferencesWindow.xib; sourceTree = "<group>"; };
		6C5F0CD41F4C5A41006649E5 /* PomodoroUtils.swift */ = {isa = PBXFileReference; fileEncoding = 4; lastKnownFileType = sourcecode.swift; path = PomodoroUtils.swift; sourceTree = "<group>"; };
		6C5F0CD61F4C65CD006649E5 /* Pomodoro.entitlements */ = {isa = PBXFileReference; lastKnownFileType = text.plist.entitlements; path = Pomodoro.entitlements; sourceTree = "<group>"; };
		6C905CEE1F4AFA6C0027D917 /* Minimalistic Pomodoro.app */ = {isa = PBXFileReference; explicitFileType = wrapper.application; includeInIndex = 0; path = "Minimalistic Pomodoro.app"; sourceTree = BUILT_PRODUCTS_DIR; };
		6C905CF11F4AFA6C0027D917 /* AppDelegate.swift */ = {isa = PBXFileReference; explicitFileType = sourcecode.swift; path = AppDelegate.swift; sourceTree = "<group>"; };
		6C905CF51F4AFA6C0027D917 /* Assets.xcassets */ = {isa = PBXFileReference; lastKnownFileType = folder.assetcatalog; path = Assets.xcassets; sourceTree = "<group>"; };
		6C905CF81F4AFA6C0027D917 /* Base */ = {isa = PBXFileReference; lastKnownFileType = file.storyboard; name = Base; path = Base.lproj/Main.storyboard; sourceTree = "<group>"; };
		6C905CFA1F4AFA6C0027D917 /* Info.plist */ = {isa = PBXFileReference; lastKnownFileType = text.plist.xml; path = Info.plist; sourceTree = "<group>"; };
		6C905CFF1F4AFA6C0027D917 /* PomodoroTests.xctest */ = {isa = PBXFileReference; explicitFileType = wrapper.cfbundle; includeInIndex = 0; path = PomodoroTests.xctest; sourceTree = BUILT_PRODUCTS_DIR; };
		6C905D031F4AFA6C0027D917 /* PomodoroTests.swift */ = {isa = PBXFileReference; lastKnownFileType = sourcecode.swift; path = PomodoroTests.swift; sourceTree = "<group>"; };
		6C905D051F4AFA6C0027D917 /* Info.plist */ = {isa = PBXFileReference; lastKnownFileType = text.plist.xml; path = Info.plist; sourceTree = "<group>"; };
		6C905D0A1F4AFA6C0027D917 /* PomodoroUITests.xctest */ = {isa = PBXFileReference; explicitFileType = wrapper.cfbundle; includeInIndex = 0; path = PomodoroUITests.xctest; sourceTree = BUILT_PRODUCTS_DIR; };
		6C905D0E1F4AFA6C0027D917 /* PomodoroUITests.swift */ = {isa = PBXFileReference; lastKnownFileType = sourcecode.swift; path = PomodoroUITests.swift; sourceTree = "<group>"; };
		6C905D101F4AFA6C0027D917 /* Info.plist */ = {isa = PBXFileReference; lastKnownFileType = text.plist.xml; path = Info.plist; sourceTree = "<group>"; };
		6C905D2B1F4B0F6A0027D917 /* StatusMenuController.swift */ = {isa = PBXFileReference; fileEncoding = 4; lastKnownFileType = sourcecode.swift; path = StatusMenuController.swift; sourceTree = "<group>"; };
		6C905D2E1F4B14450027D917 /* PomodoroTimer.swift */ = {isa = PBXFileReference; fileEncoding = 4; lastKnownFileType = sourcecode.swift; path = PomodoroTimer.swift; sourceTree = "<group>"; };
		6CA6DA051F4D7D1F00732583 /* IntegerField.swift */ = {isa = PBXFileReference; fileEncoding = 4; lastKnownFileType = sourcecode.swift; path = IntegerField.swift; sourceTree = "<group>"; };
		6CDF20CE1F4B4CE500A7C1F1 /* Utils.swift */ = {isa = PBXFileReference; fileEncoding = 4; lastKnownFileType = sourcecode.swift; path = Utils.swift; sourceTree = "<group>"; };
		6CDF20D01F4B678600A7C1F1 /* PomodoroTimerView.swift */ = {isa = PBXFileReference; fileEncoding = 4; lastKnownFileType = sourcecode.swift; path = PomodoroTimerView.swift; sourceTree = "<group>"; };
		C07AD04C23650D5300EDE435 /* StartCountPopup.xib */ = {isa = PBXFileReference; lastKnownFileType = file.xib; path = StartCountPopup.xib; sourceTree = "<group>"; };
		C07AD04E23650F1B00EDE435 /* StartCountPopup.swift */ = {isa = PBXFileReference; lastKnownFileType = sourcecode.swift; path = StartCountPopup.swift; sourceTree = "<group>"; };
/* End PBXFileReference section */

/* Begin PBXFrameworksBuildPhase section */
		6C905CEB1F4AFA6C0027D917 /* Frameworks */ = {
			isa = PBXFrameworksBuildPhase;
			buildActionMask = 2147483647;
			files = (
			);
			runOnlyForDeploymentPostprocessing = 0;
		};
		6C905CFC1F4AFA6C0027D917 /* Frameworks */ = {
			isa = PBXFrameworksBuildPhase;
			buildActionMask = 2147483647;
			files = (
			);
			runOnlyForDeploymentPostprocessing = 0;
		};
		6C905D071F4AFA6C0027D917 /* Frameworks */ = {
			isa = PBXFrameworksBuildPhase;
			buildActionMask = 2147483647;
			files = (
			);
			runOnlyForDeploymentPostprocessing = 0;
		};
/* End PBXFrameworksBuildPhase section */

/* Begin PBXGroup section */
		6C905CE51F4AFA6C0027D917 = {
			isa = PBXGroup;
			children = (
				6C905CF01F4AFA6C0027D917 /* MinimalisticPomodoro */,
				6C905D021F4AFA6C0027D917 /* PomodoroTests */,
				6C905D0D1F4AFA6C0027D917 /* PomodoroUITests */,
				6C905CEF1F4AFA6C0027D917 /* Products */,
			);
			sourceTree = "<group>";
		};
		6C905CEF1F4AFA6C0027D917 /* Products */ = {
			isa = PBXGroup;
			children = (
				6C905CEE1F4AFA6C0027D917 /* Minimalistic Pomodoro.app */,
				6C905CFF1F4AFA6C0027D917 /* PomodoroTests.xctest */,
				6C905D0A1F4AFA6C0027D917 /* PomodoroUITests.xctest */,
			);
			name = Products;
			sourceTree = "<group>";
		};
		6C905CF01F4AFA6C0027D917 /* MinimalisticPomodoro */ = {
			isa = PBXGroup;
			children = (
				6C5F0CD61F4C65CD006649E5 /* Pomodoro.entitlements */,
				6C905CF11F4AFA6C0027D917 /* AppDelegate.swift */,
				6C905CF51F4AFA6C0027D917 /* Assets.xcassets */,
				6C905CF71F4AFA6C0027D917 /* Main.storyboard */,
				6C905CFA1F4AFA6C0027D917 /* Info.plist */,
				6C905D2D1F4B0F780027D917 /* Lib */,
			);
			path = MinimalisticPomodoro;
			sourceTree = "<group>";
		};
		6C905D021F4AFA6C0027D917 /* PomodoroTests */ = {
			isa = PBXGroup;
			children = (
				6C905D031F4AFA6C0027D917 /* PomodoroTests.swift */,
				6C905D051F4AFA6C0027D917 /* Info.plist */,
			);
			path = PomodoroTests;
			sourceTree = "<group>";
		};
		6C905D0D1F4AFA6C0027D917 /* PomodoroUITests */ = {
			isa = PBXGroup;
			children = (
				6C905D0E1F4AFA6C0027D917 /* PomodoroUITests.swift */,
				6C905D101F4AFA6C0027D917 /* Info.plist */,
			);
			path = PomodoroUITests;
			sourceTree = "<group>";
		};
		6C905D2D1F4B0F780027D917 /* Lib */ = {
			isa = PBXGroup;
			children = (
				6C905D2B1F4B0F6A0027D917 /* StatusMenuController.swift */,
				6C905D2E1F4B14450027D917 /* PomodoroTimer.swift */,
				6CDF20CE1F4B4CE500A7C1F1 /* Utils.swift */,
				6CDF20D01F4B678600A7C1F1 /* PomodoroTimerView.swift */,
				6C5F0CD01F4C4A27006649E5 /* PreferencesWindow.swift */,
				6C5F0CD11F4C4A27006649E5 /* PreferencesWindow.xib */,
				6C5F0CD41F4C5A41006649E5 /* PomodoroUtils.swift */,
				6CA6DA051F4D7D1F00732583 /* IntegerField.swift */,
				C07AD04C23650D5300EDE435 /* StartCountPopup.xib */,
				C07AD04E23650F1B00EDE435 /* StartCountPopup.swift */,
			);
			name = Lib;
			path = lib;
			sourceTree = "<group>";
		};
/* End PBXGroup section */

/* Begin PBXNativeTarget section */
		6C905CED1F4AFA6C0027D917 /* Minimalistic Pomodoro */ = {
			isa = PBXNativeTarget;
			buildConfigurationList = 6C905D131F4AFA6C0027D917 /* Build configuration list for PBXNativeTarget "Minimalistic Pomodoro" */;
			buildPhases = (
				6C905CEA1F4AFA6C0027D917 /* Sources */,
				6C905CEB1F4AFA6C0027D917 /* Frameworks */,
				6C905CEC1F4AFA6C0027D917 /* Resources */,
			);
			buildRules = (
			);
			dependencies = (
			);
			name = "Minimalistic Pomodoro";
			productName = Pomodoro;
			productReference = 6C905CEE1F4AFA6C0027D917 /* Minimalistic Pomodoro.app */;
			productType = "com.apple.product-type.application";
		};
		6C905CFE1F4AFA6C0027D917 /* PomodoroTests */ = {
			isa = PBXNativeTarget;
			buildConfigurationList = 6C905D161F4AFA6C0027D917 /* Build configuration list for PBXNativeTarget "PomodoroTests" */;
			buildPhases = (
				6C905CFB1F4AFA6C0027D917 /* Sources */,
				6C905CFC1F4AFA6C0027D917 /* Frameworks */,
				6C905CFD1F4AFA6C0027D917 /* Resources */,
			);
			buildRules = (
			);
			dependencies = (
				6C905D011F4AFA6C0027D917 /* PBXTargetDependency */,
			);
			name = PomodoroTests;
			productName = PomodoroTests;
			productReference = 6C905CFF1F4AFA6C0027D917 /* PomodoroTests.xctest */;
			productType = "com.apple.product-type.bundle.unit-test";
		};
		6C905D091F4AFA6C0027D917 /* PomodoroUITests */ = {
			isa = PBXNativeTarget;
			buildConfigurationList = 6C905D191F4AFA6C0027D917 /* Build configuration list for PBXNativeTarget "PomodoroUITests" */;
			buildPhases = (
				6C905D061F4AFA6C0027D917 /* Sources */,
				6C905D071F4AFA6C0027D917 /* Frameworks */,
				6C905D081F4AFA6C0027D917 /* Resources */,
			);
			buildRules = (
			);
			dependencies = (
				6C905D0C1F4AFA6C0027D917 /* PBXTargetDependency */,
			);
			name = PomodoroUITests;
			productName = PomodoroUITests;
			productReference = 6C905D0A1F4AFA6C0027D917 /* PomodoroUITests.xctest */;
			productType = "com.apple.product-type.bundle.ui-testing";
		};
/* End PBXNativeTarget section */

/* Begin PBXProject section */
		6C905CE61F4AFA6C0027D917 /* Project object */ = {
			isa = PBXProject;
			attributes = {
				LastSwiftUpdateCheck = 0830;
				LastUpgradeCheck = 1110;
				ORGANIZATIONNAME = Bengsfort;
				TargetAttributes = {
					6C905CED1F4AFA6C0027D917 = {
						CreatedOnToolsVersion = 8.3.2;
						DevelopmentTeam = 472CAU367M;
						ProvisioningStyle = Manual;
						SystemCapabilities = {
							com.apple.Sandbox = {
								enabled = 0;
							};
						};
					};
					6C905CFE1F4AFA6C0027D917 = {
						CreatedOnToolsVersion = 8.3.2;
						DevelopmentTeam = 472CAU367M;
						LastSwiftMigration = 1010;
						ProvisioningStyle = Automatic;
						TestTargetID = 6C905CED1F4AFA6C0027D917;
					};
					6C905D091F4AFA6C0027D917 = {
						CreatedOnToolsVersion = 8.3.2;
						DevelopmentTeam = 472CAU367M;
						LastSwiftMigration = 1010;
						ProvisioningStyle = Automatic;
						TestTargetID = 6C905CED1F4AFA6C0027D917;
					};
				};
			};
			buildConfigurationList = 6C905CE91F4AFA6C0027D917 /* Build configuration list for PBXProject "MinimalisticPomodoro" */;
			compatibilityVersion = "Xcode 3.2";
			developmentRegion = en;
			hasScannedForEncodings = 0;
			knownRegions = (
				en,
				Base,
			);
			mainGroup = 6C905CE51F4AFA6C0027D917;
			productRefGroup = 6C905CEF1F4AFA6C0027D917 /* Products */;
			projectDirPath = "";
			projectRoot = "";
			targets = (
				6C905CED1F4AFA6C0027D917 /* Minimalistic Pomodoro */,
				6C905CFE1F4AFA6C0027D917 /* PomodoroTests */,
				6C905D091F4AFA6C0027D917 /* PomodoroUITests */,
			);
		};
/* End PBXProject section */

/* Begin PBXResourcesBuildPhase section */
		6C905CEC1F4AFA6C0027D917 /* Resources */ = {
			isa = PBXResourcesBuildPhase;
			buildActionMask = 2147483647;
			files = (
				6C905CF61F4AFA6C0027D917 /* Assets.xcassets in Resources */,
				6C5F0CD31F4C4A27006649E5 /* PreferencesWindow.xib in Resources */,
				6C905CF91F4AFA6C0027D917 /* Main.storyboard in Resources */,
				C07AD04D23650D5300EDE435 /* StartCountPopup.xib in Resources */,
			);
			runOnlyForDeploymentPostprocessing = 0;
		};
		6C905CFD1F4AFA6C0027D917 /* Resources */ = {
			isa = PBXResourcesBuildPhase;
			buildActionMask = 2147483647;
			files = (
			);
			runOnlyForDeploymentPostprocessing = 0;
		};
		6C905D081F4AFA6C0027D917 /* Resources */ = {
			isa = PBXResourcesBuildPhase;
			buildActionMask = 2147483647;
			files = (
			);
			runOnlyForDeploymentPostprocessing = 0;
		};
/* End PBXResourcesBuildPhase section */

/* Begin PBXSourcesBuildPhase section */
		6C905CEA1F4AFA6C0027D917 /* Sources */ = {
			isa = PBXSourcesBuildPhase;
			buildActionMask = 2147483647;
			files = (
				6C5F0CD51F4C5A41006649E5 /* PomodoroUtils.swift in Sources */,
				6C905D2F1F4B14450027D917 /* PomodoroTimer.swift in Sources */,
				6C905D2C1F4B0F6A0027D917 /* StatusMenuController.swift in Sources */,
				6C905CF21F4AFA6C0027D917 /* AppDelegate.swift in Sources */,
				6CDF20D11F4B678600A7C1F1 /* PomodoroTimerView.swift in Sources */,
				6C5F0CD21F4C4A27006649E5 /* PreferencesWindow.swift in Sources */,
				6CDF20CF1F4B4CE500A7C1F1 /* Utils.swift in Sources */,
				6CA6DA061F4D7D1F00732583 /* IntegerField.swift in Sources */,
				C07AD04F23650F1B00EDE435 /* StartCountPopup.swift in Sources */,
			);
			runOnlyForDeploymentPostprocessing = 0;
		};
		6C905CFB1F4AFA6C0027D917 /* Sources */ = {
			isa = PBXSourcesBuildPhase;
			buildActionMask = 2147483647;
			files = (
				6C905D041F4AFA6C0027D917 /* PomodoroTests.swift in Sources */,
			);
			runOnlyForDeploymentPostprocessing = 0;
		};
		6C905D061F4AFA6C0027D917 /* Sources */ = {
			isa = PBXSourcesBuildPhase;
			buildActionMask = 2147483647;
			files = (
				6C905D0F1F4AFA6C0027D917 /* PomodoroUITests.swift in Sources */,
			);
			runOnlyForDeploymentPostprocessing = 0;
		};
/* End PBXSourcesBuildPhase section */

/* Begin PBXTargetDependency section */
		6C905D011F4AFA6C0027D917 /* PBXTargetDependency */ = {
			isa = PBXTargetDependency;
			target = 6C905CED1F4AFA6C0027D917 /* Minimalistic Pomodoro */;
			targetProxy = 6C905D001F4AFA6C0027D917 /* PBXContainerItemProxy */;
		};
		6C905D0C1F4AFA6C0027D917 /* PBXTargetDependency */ = {
			isa = PBXTargetDependency;
			target = 6C905CED1F4AFA6C0027D917 /* Minimalistic Pomodoro */;
			targetProxy = 6C905D0B1F4AFA6C0027D917 /* PBXContainerItemProxy */;
		};
/* End PBXTargetDependency section */

/* Begin PBXVariantGroup section */
		6C905CF71F4AFA6C0027D917 /* Main.storyboard */ = {
			isa = PBXVariantGroup;
			children = (
				6C905CF81F4AFA6C0027D917 /* Base */,
			);
			name = Main.storyboard;
			sourceTree = "<group>";
		};
/* End PBXVariantGroup section */

/* Begin XCBuildConfiguration section */
		6C905D111F4AFA6C0027D917 /* Debug */ = {
			isa = XCBuildConfiguration;
			buildSettings = {
				ALWAYS_SEARCH_USER_PATHS = NO;
				CLANG_ANALYZER_LOCALIZABILITY_NONLOCALIZED = YES;
				CLANG_ANALYZER_NONNULL = YES;
				CLANG_ANALYZER_NUMBER_OBJECT_CONVERSION = YES_AGGRESSIVE;
				CLANG_CXX_LANGUAGE_STANDARD = "gnu++0x";
				CLANG_CXX_LIBRARY = "libc++";
				CLANG_ENABLE_MODULES = YES;
				CLANG_ENABLE_OBJC_ARC = YES;
				CLANG_WARN_BLOCK_CAPTURE_AUTORELEASING = YES;
				CLANG_WARN_BOOL_CONVERSION = YES;
				CLANG_WARN_COMMA = YES;
				CLANG_WARN_CONSTANT_CONVERSION = YES;
				CLANG_WARN_DEPRECATED_OBJC_IMPLEMENTATIONS = YES;
				CLANG_WARN_DIRECT_OBJC_ISA_USAGE = YES_ERROR;
				CLANG_WARN_DOCUMENTATION_COMMENTS = YES;
				CLANG_WARN_EMPTY_BODY = YES;
				CLANG_WARN_ENUM_CONVERSION = YES;
				CLANG_WARN_INFINITE_RECURSION = YES;
				CLANG_WARN_INT_CONVERSION = YES;
				CLANG_WARN_NON_LITERAL_NULL_CONVERSION = YES;
				CLANG_WARN_OBJC_IMPLICIT_RETAIN_SELF = YES;
				CLANG_WARN_OBJC_LITERAL_CONVERSION = YES;
				CLANG_WARN_OBJC_ROOT_CLASS = YES_ERROR;
				CLANG_WARN_RANGE_LOOP_ANALYSIS = YES;
				CLANG_WARN_STRICT_PROTOTYPES = YES;
				CLANG_WARN_SUSPICIOUS_MOVE = YES;
				CLANG_WARN_UNREACHABLE_CODE = YES;
				CLANG_WARN__DUPLICATE_METHOD_MATCH = YES;
				CODE_SIGN_IDENTITY = "-";
				COPY_PHASE_STRIP = NO;
				DEBUG_INFORMATION_FORMAT = dwarf;
				ENABLE_STRICT_OBJC_MSGSEND = YES;
				ENABLE_TESTABILITY = YES;
				GCC_C_LANGUAGE_STANDARD = gnu99;
				GCC_DYNAMIC_NO_PIC = NO;
				GCC_NO_COMMON_BLOCKS = YES;
				GCC_OPTIMIZATION_LEVEL = 0;
				GCC_PREPROCESSOR_DEFINITIONS = (
					"DEBUG=1",
					"$(inherited)",
				);
				GCC_WARN_64_TO_32_BIT_CONVERSION = YES;
				GCC_WARN_ABOUT_RETURN_TYPE = YES_ERROR;
				GCC_WARN_UNDECLARED_SELECTOR = YES;
				GCC_WARN_UNINITIALIZED_AUTOS = YES_AGGRESSIVE;
				GCC_WARN_UNUSED_FUNCTION = YES;
				GCC_WARN_UNUSED_VARIABLE = YES;
				MACOSX_DEPLOYMENT_TARGET = 10.12;
				MTL_ENABLE_DEBUG_INFO = YES;
				ONLY_ACTIVE_ARCH = YES;
				SDKROOT = macosx;
				SWIFT_ACTIVE_COMPILATION_CONDITIONS = DEBUG;
				SWIFT_OPTIMIZATION_LEVEL = "-Onone";
				SWIFT_VERSION = 4.2;
			};
			name = Debug;
		};
		6C905D121F4AFA6C0027D917 /* Release */ = {
			isa = XCBuildConfiguration;
			buildSettings = {
				ALWAYS_SEARCH_USER_PATHS = NO;
				CLANG_ANALYZER_LOCALIZABILITY_NONLOCALIZED = YES;
				CLANG_ANALYZER_NONNULL = YES;
				CLANG_ANALYZER_NUMBER_OBJECT_CONVERSION = YES_AGGRESSIVE;
				CLANG_CXX_LANGUAGE_STANDARD = "gnu++0x";
				CLANG_CXX_LIBRARY = "libc++";
				CLANG_ENABLE_MODULES = YES;
				CLANG_ENABLE_OBJC_ARC = YES;
				CLANG_WARN_BLOCK_CAPTURE_AUTORELEASING = YES;
				CLANG_WARN_BOOL_CONVERSION = YES;
				CLANG_WARN_COMMA = YES;
				CLANG_WARN_CONSTANT_CONVERSION = YES;
				CLANG_WARN_DEPRECATED_OBJC_IMPLEMENTATIONS = YES;
				CLANG_WARN_DIRECT_OBJC_ISA_USAGE = YES_ERROR;
				CLANG_WARN_DOCUMENTATION_COMMENTS = YES;
				CLANG_WARN_EMPTY_BODY = YES;
				CLANG_WARN_ENUM_CONVERSION = YES;
				CLANG_WARN_INFINITE_RECURSION = YES;
				CLANG_WARN_INT_CONVERSION = YES;
				CLANG_WARN_NON_LITERAL_NULL_CONVERSION = YES;
				CLANG_WARN_OBJC_IMPLICIT_RETAIN_SELF = YES;
				CLANG_WARN_OBJC_LITERAL_CONVERSION = YES;
				CLANG_WARN_OBJC_ROOT_CLASS = YES_ERROR;
				CLANG_WARN_RANGE_LOOP_ANALYSIS = YES;
				CLANG_WARN_STRICT_PROTOTYPES = YES;
				CLANG_WARN_SUSPICIOUS_MOVE = YES;
				CLANG_WARN_UNREACHABLE_CODE = YES;
				CLANG_WARN__DUPLICATE_METHOD_MATCH = YES;
				CODE_SIGN_IDENTITY = "-";
				COPY_PHASE_STRIP = NO;
				DEBUG_INFORMATION_FORMAT = "dwarf-with-dsym";
				ENABLE_NS_ASSERTIONS = NO;
				ENABLE_STRICT_OBJC_MSGSEND = YES;
				GCC_C_LANGUAGE_STANDARD = gnu99;
				GCC_NO_COMMON_BLOCKS = YES;
				GCC_WARN_64_TO_32_BIT_CONVERSION = YES;
				GCC_WARN_ABOUT_RETURN_TYPE = YES_ERROR;
				GCC_WARN_UNDECLARED_SELECTOR = YES;
				GCC_WARN_UNINITIALIZED_AUTOS = YES_AGGRESSIVE;
				GCC_WARN_UNUSED_FUNCTION = YES;
				GCC_WARN_UNUSED_VARIABLE = YES;
				MACOSX_DEPLOYMENT_TARGET = 10.12;
				MTL_ENABLE_DEBUG_INFO = NO;
				SDKROOT = macosx;
				SWIFT_OPTIMIZATION_LEVEL = "-Owholemodule";
				SWIFT_VERSION = 4.2;
			};
			name = Release;
		};
		6C905D141F4AFA6C0027D917 /* Debug */ = {
			isa = XCBuildConfiguration;
			buildSettings = {
				ASSETCATALOG_COMPILER_APPICON_NAME = AppIcon;
				CODE_SIGN_ENTITLEMENTS = MinimalisticPomodoro/Pomodoro.entitlements;
				CODE_SIGN_IDENTITY = "Mac Developer";
				CODE_SIGN_STYLE = Manual;
				COMBINE_HIDPI_IMAGES = YES;
				DEVELOPMENT_TEAM = 472CAU367M;
				ENABLE_HARDENED_RUNTIME = YES;
				INFOPLIST_FILE = MinimalisticPomodoro/Info.plist;
				LD_RUNPATH_SEARCH_PATHS = "$(inherited) @executable_path/../Frameworks";
				MACOSX_DEPLOYMENT_TARGET = 10.12;
				MARKETING_VERSION = 1.3;
				PRODUCT_BUNDLE_IDENTIFIER = Bengsfort.Pomodoro;
				PRODUCT_NAME = "$(TARGET_NAME)";
				PROVISIONING_PROFILE_SPECIFIER = "";
				SWIFT_VERSION = 4.2;
			};
			name = Debug;
		};
		6C905D151F4AFA6C0027D917 /* Release */ = {
			isa = XCBuildConfiguration;
			buildSettings = {
				ASSETCATALOG_COMPILER_APPICON_NAME = AppIcon;
				CODE_SIGN_ENTITLEMENTS = MinimalisticPomodoro/Pomodoro.entitlements;
				CODE_SIGN_IDENTITY = "Mac Developer";
				CODE_SIGN_STYLE = Manual;
				COMBINE_HIDPI_IMAGES = YES;
				DEVELOPMENT_TEAM = 472CAU367M;
				ENABLE_HARDENED_RUNTIME = YES;
				ENABLE_TESTABILITY = YES;
				INFOPLIST_FILE = MinimalisticPomodoro/Info.plist;
				LD_RUNPATH_SEARCH_PATHS = "$(inherited) @executable_path/../Frameworks";
				MACOSX_DEPLOYMENT_TARGET = 10.12;
				MARKETING_VERSION = 1.3;
				MTL_ENABLE_DEBUG_INFO = NO;
				PRODUCT_BUNDLE_IDENTIFIER = Bengsfort.Pomodoro;
				PRODUCT_NAME = "$(TARGET_NAME)";
				PROVISIONING_PROFILE_SPECIFIER = "";
				SWIFT_VERSION = 4.2;
			};
			name = Release;
		};
		6C905D171F4AFA6C0027D917 /* Debug */ = {
			isa = XCBuildConfiguration;
			buildSettings = {
				ALWAYS_EMBED_SWIFT_STANDARD_LIBRARIES = YES;
				BUNDLE_LOADER = "$(TEST_HOST)";
				CODE_SIGN_IDENTITY = "Mac Developer";
				CODE_SIGN_STYLE = Automatic;
				COMBINE_HIDPI_IMAGES = YES;
				DEVELOPMENT_TEAM = 472CAU367M;
				INFOPLIST_FILE = PomodoroTests/Info.plist;
				LD_RUNPATH_SEARCH_PATHS = "$(inherited) @executable_path/../Frameworks @loader_path/../Frameworks";
				PRODUCT_BUNDLE_IDENTIFIER = Bengsfort.PomodoroTests;
				PRODUCT_NAME = "$(TARGET_NAME)";
				PROVISIONING_PROFILE_SPECIFIER = "";
				SWIFT_SWIFT3_OBJC_INFERENCE = On;
				SWIFT_VERSION = 4.2;
				TEST_HOST = "$(BUILT_PRODUCTS_DIR)/Minimalistic Pomodoro.app/Contents/MacOS/Minimalistic Pomodoro";
			};
			name = Debug;
		};
		6C905D181F4AFA6C0027D917 /* Release */ = {
			isa = XCBuildConfiguration;
			buildSettings = {
				ALWAYS_EMBED_SWIFT_STANDARD_LIBRARIES = YES;
				BUNDLE_LOADER = "$(TEST_HOST)";
				CODE_SIGN_IDENTITY = "Mac Developer";
				CODE_SIGN_STYLE = Automatic;
				COMBINE_HIDPI_IMAGES = YES;
				DEVELOPMENT_TEAM = 472CAU367M;
				INFOPLIST_FILE = PomodoroTests/Info.plist;
				LD_RUNPATH_SEARCH_PATHS = "$(inherited) @executable_path/../Frameworks @loader_path/../Frameworks";
				PRODUCT_BUNDLE_IDENTIFIER = Bengsfort.PomodoroTests;
				PRODUCT_NAME = "$(TARGET_NAME)";
				PROVISIONING_PROFILE_SPECIFIER = "";
				SWIFT_SWIFT3_OBJC_INFERENCE = On;
				SWIFT_VERSION = 4.2;
				TEST_HOST = "$(BUILT_PRODUCTS_DIR)/Minimalistic Pomodoro.app/Contents/MacOS/Minimalistic Pomodoro";
			};
			name = Release;
		};
		6C905D1A1F4AFA6C0027D917 /* Debug */ = {
			isa = XCBuildConfiguration;
			buildSettings = {
				ALWAYS_EMBED_SWIFT_STANDARD_LIBRARIES = YES;
				COMBINE_HIDPI_IMAGES = YES;
				DEVELOPMENT_TEAM = 472CAU367M;
				INFOPLIST_FILE = PomodoroUITests/Info.plist;
				LD_RUNPATH_SEARCH_PATHS = "$(inherited) @executable_path/../Frameworks @loader_path/../Frameworks";
				PRODUCT_BUNDLE_IDENTIFIER = Bengsfort.PomodoroUITests;
				PRODUCT_NAME = "$(TARGET_NAME)";
				SWIFT_SWIFT3_OBJC_INFERENCE = On;
				SWIFT_VERSION = 4.2;
				TEST_TARGET_NAME = Minimalistic_Pomodoro;
			};
			name = Debug;
		};
		6C905D1B1F4AFA6C0027D917 /* Release */ = {
			isa = XCBuildConfiguration;
			buildSettings = {
				ALWAYS_EMBED_SWIFT_STANDARD_LIBRARIES = YES;
				COMBINE_HIDPI_IMAGES = YES;
				DEVELOPMENT_TEAM = 472CAU367M;
				INFOPLIST_FILE = PomodoroUITests/Info.plist;
				LD_RUNPATH_SEARCH_PATHS = "$(inherited) @executable_path/../Frameworks @loader_path/../Frameworks";
				PRODUCT_BUNDLE_IDENTIFIER = Bengsfort.PomodoroUITests;
				PRODUCT_NAME = "$(TARGET_NAME)";
				SWIFT_SWIFT3_OBJC_INFERENCE = On;
				SWIFT_VERSION = 4.2;
				TEST_TARGET_NAME = Minimalistic_Pomodoro;
			};
			name = Release;
		};
/* End XCBuildConfiguration section */

/* Begin XCConfigurationList section */
		6C905CE91F4AFA6C0027D917 /* Build configuration list for PBXProject "MinimalisticPomodoro" */ = {
			isa = XCConfigurationList;
			buildConfigurations = (
				6C905D111F4AFA6C0027D917 /* Debug */,
				6C905D121F4AFA6C0027D917 /* Release */,
			);
			defaultConfigurationIsVisible = 0;
			defaultConfigurationName = Release;
		};
		6C905D131F4AFA6C0027D917 /* Build configuration list for PBXNativeTarget "Minimalistic Pomodoro" */ = {
			isa = XCConfigurationList;
			buildConfigurations = (
				6C905D141F4AFA6C0027D917 /* Debug */,
				6C905D151F4AFA6C0027D917 /* Release */,
			);
			defaultConfigurationIsVisible = 0;
			defaultConfigurationName = Release;
		};
		6C905D161F4AFA6C0027D917 /* Build configuration list for PBXNativeTarget "PomodoroTests" */ = {
			isa = XCConfigurationList;
			buildConfigurations = (
				6C905D171F4AFA6C0027D917 /* Debug */,
				6C905D181F4AFA6C0027D917 /* Release */,
			);
			defaultConfigurationIsVisible = 0;
			defaultConfigurationName = Release;
		};
		6C905D191F4AFA6C0027D917 /* Build configuration list for PBXNativeTarget "PomodoroUITests" */ = {
			isa = XCConfigurationList;
			buildConfigurations = (
				6C905D1A1F4AFA6C0027D917 /* Debug */,
				6C905D1B1F4AFA6C0027D917 /* Release */,
			);
			defaultConfigurationIsVisible = 0;
			defaultConfigurationName = Release;
		};
/* End XCConfigurationList section */
	};
	rootObject = 6C905CE61F4AFA6C0027D917 /* Project object */;
}
